
Microsoft Visual Studio Solution File, Format Version 12.00
# Visual Studio Version 17
VisualStudioVersion = 17.5.33516.290
MinimumVisualStudioVersion = 10.0.40219.1
Project("{8BC9CEB8-8B4A-11D0-8D11-00A0C91BC942}") = "DKJEN", "DKJEN.vcxproj", "{128F935D-0DA9-4B9B-9DAD-AACD27099E02}"
EndProject
Project("{8BC9CEB8-8B4A-11D0-8D11-00A0C91BC942}") = "DirectXTex", "DKJEN\externals\DirectXTex\DirectXTex_Desktop_2022_Win10.vcxproj", "{371B9FA9-4C90-4AC6-A123-ACED756D6C77}"
EndProject
Project("{8BC9CEB8-8B4A-11D0-8D11-00A0C91BC942}") = "AL", "..\..\AL\AL\AL.vcxproj", "{C235FFDD-4D6A-4AAE-8B20-A7ECBBBC1925}"
EndProject
Project("{8BC9CEB8-8B4A-11D0-8D11-00A0C91BC942}") = "AL3", "..\..\AL\AL3\AL3.vcxproj", "{CFD1DE6E-3F2A-4846-BC6A-0474C576E59B}"
EndProject
Global
	GlobalSection(SolutionConfigurationPlatforms) = preSolution
		Debug|ARM64 = Debug|ARM64
		Debug|x64 = Debug|x64
		Debug|x86 = Debug|x86
		Profile|ARM64 = Profile|ARM64
		Profile|x64 = Profile|x64
		Profile|x86 = Profile|x86
		Release|ARM64 = Release|ARM64
		Release|x64 = Release|x64
		Release|x86 = Release|x86
	EndGlobalSection
	GlobalSection(ProjectConfigurationPlatforms) = postSolution
		{128F935D-0DA9-4B9B-9DAD-AACD27099E02}.Debug|ARM64.ActiveCfg = Debug|x64
		{128F935D-0DA9-4B9B-9DAD-AACD27099E02}.Debug|ARM64.Build.0 = Debug|x64
		{128F935D-0DA9-4B9B-9DAD-AACD27099E02}.Debug|x64.ActiveCfg = Debug|x64
		{128F935D-0DA9-4B9B-9DAD-AACD27099E02}.Debug|x64.Build.0 = Debug|x64
		{128F935D-0DA9-4B9B-9DAD-AACD27099E02}.Debug|x86.ActiveCfg = Debug|Win32
		{128F935D-0DA9-4B9B-9DAD-AACD27099E02}.Debug|x86.Build.0 = Debug|Win32
		{128F935D-0DA9-4B9B-9DAD-AACD27099E02}.Profile|ARM64.ActiveCfg = Release|x64
		{128F935D-0DA9-4B9B-9DAD-AACD27099E02}.Profile|ARM64.Build.0 = Release|x64
		{128F935D-0DA9-4B9B-9DAD-AACD27099E02}.Profile|x64.ActiveCfg = Release|x64
		{128F935D-0DA9-4B9B-9DAD-AACD27099E02}.Profile|x64.Build.0 = Release|x64
		{128F935D-0DA9-4B9B-9DAD-AACD27099E02}.Profile|x86.ActiveCfg = Release|Win32
		{128F935D-0DA9-4B9B-9DAD-AACD27099E02}.Profile|x86.Build.0 = Release|Win32
		{128F935D-0DA9-4B9B-9DAD-AACD27099E02}.Release|ARM64.ActiveCfg = Release|x64
		{128F935D-0DA9-4B9B-9DAD-AACD27099E02}.Release|ARM64.Build.0 = Release|x64
		{128F935D-0DA9-4B9B-9DAD-AACD27099E02}.Release|x64.ActiveCfg = Release|x64
		{128F935D-0DA9-4B9B-9DAD-AACD27099E02}.Release|x64.Build.0 = Release|x64
		{128F935D-0DA9-4B9B-9DAD-AACD27099E02}.Release|x86.ActiveCfg = Release|Win32
		{128F935D-0DA9-4B9B-9DAD-AACD27099E02}.Release|x86.Build.0 = Release|Win32
		{371B9FA9-4C90-4AC6-A123-ACED756D6C77}.Debug|ARM64.ActiveCfg = Debug|ARM64
		{371B9FA9-4C90-4AC6-A123-ACED756D6C77}.Debug|ARM64.Build.0 = Debug|ARM64
		{371B9FA9-4C90-4AC6-A123-ACED756D6C77}.Debug|x64.ActiveCfg = Debug|x64
		{371B9FA9-4C90-4AC6-A123-ACED756D6C77}.Debug|x64.Build.0 = Debug|x64
		{371B9FA9-4C90-4AC6-A123-ACED756D6C77}.Debug|x86.ActiveCfg = Debug|Win32
		{371B9FA9-4C90-4AC6-A123-ACED756D6C77}.Debug|x86.Build.0 = Debug|Win32
		{371B9FA9-4C90-4AC6-A123-ACED756D6C77}.Profile|ARM64.ActiveCfg = Profile|ARM64
		{371B9FA9-4C90-4AC6-A123-ACED756D6C77}.Profile|ARM64.Build.0 = Profile|ARM64
		{371B9FA9-4C90-4AC6-A123-ACED756D6C77}.Profile|x64.ActiveCfg = Profile|x64
		{371B9FA9-4C90-4AC6-A123-ACED756D6C77}.Profile|x64.Build.0 = Profile|x64
		{371B9FA9-4C90-4AC6-A123-ACED756D6C77}.Profile|x86.ActiveCfg = Profile|Win32
		{371B9FA9-4C90-4AC6-A123-ACED756D6C77}.Profile|x86.Build.0 = Profile|Win32
		{371B9FA9-4C90-4AC6-A123-ACED756D6C77}.Release|ARM64.ActiveCfg = Release|ARM64
		{371B9FA9-4C90-4AC6-A123-ACED756D6C77}.Release|ARM64.Build.0 = Release|ARM64
		{371B9FA9-4C90-4AC6-A123-ACED756D6C77}.Release|x64.ActiveCfg = Release|x64
		{371B9FA9-4C90-4AC6-A123-ACED756D6C77}.Release|x64.Build.0 = Release|x64
		{371B9FA9-4C90-4AC6-A123-ACED756D6C77}.Release|x86.ActiveCfg = Release|Win32
		{371B9FA9-4C90-4AC6-A123-ACED756D6C77}.Release|x86.Build.0 = Release|Win32
		{C235FFDD-4D6A-4AAE-8B20-A7ECBBBC1925}.Debug|ARM64.ActiveCfg = Debug|x64
		{C235FFDD-4D6A-4AAE-8B20-A7ECBBBC1925}.Debug|ARM64.Build.0 = Debug|x64
		{C235FFDD-4D6A-4AAE-8B20-A7ECBBBC1925}.Debug|x64.ActiveCfg = Debug|x64
		{C235FFDD-4D6A-4AAE-8B20-A7ECBBBC1925}.Debug|x64.Build.0 = Debug|x64
		{C235FFDD-4D6A-4AAE-8B20-A7ECBBBC1925}.Debug|x86.ActiveCfg = Debug|Win32
		{C235FFDD-4D6A-4AAE-8B20-A7ECBBBC1925}.Debug|x86.Build.0 = Debug|Win32
		{C235FFDD-4D6A-4AAE-8B20-A7ECBBBC1925}.Profile|ARM64.ActiveCfg = Debug|x64
		{C235FFDD-4D6A-4AAE-8B20-A7ECBBBC1925}.Profile|ARM64.Build.0 = Debug|x64
		{C235FFDD-4D6A-4AAE-8B20-A7ECBBBC1925}.Profile|x64.ActiveCfg = Debug|x64
		{C235FFDD-4D6A-4AAE-8B20-A7ECBBBC1925}.Profile|x64.Build.0 = Debug|x64
		{C235FFDD-4D6A-4AAE-8B20-A7ECBBBC1925}.Profile|x86.ActiveCfg = Debug|Win32
		{C235FFDD-4D6A-4AAE-8B20-A7ECBBBC1925}.Profile|x86.Build.0 = Debug|Win32
		{C235FFDD-4D6A-4AAE-8B20-A7ECBBBC1925}.Release|ARM64.ActiveCfg = Release|x64
		{C235FFDD-4D6A-4AAE-8B20-A7ECBBBC1925}.Release|ARM64.Build.0 = Release|x64
		{C235FFDD-4D6A-4AAE-8B20-A7ECBBBC1925}.Release|x64.ActiveCfg = Release|x64
		{C235FFDD-4D6A-4AAE-8B20-A7ECBBBC1925}.Release|x64.Build.0 = Release|x64
		{C235FFDD-4D6A-4AAE-8B20-A7ECBBBC1925}.Release|x86.ActiveCfg = Release|Win32
		{C235FFDD-4D6A-4AAE-8B20-A7ECBBBC1925}.Release|x86.Build.0 = Release|Win32
		{CFD1DE6E-3F2A-4846-BC6A-0474C576E59B}.Debug|ARM64.ActiveCfg = Debug|x64
		{CFD1DE6E-3F2A-4846-BC6A-0474C576E59B}.Debug|ARM64.Build.0 = Debug|x64
		{CFD1DE6E-3F2A-4846-BC6A-0474C576E59B}.Debug|x64.ActiveCfg = Debug|x64
		{CFD1DE6E-3F2A-4846-BC6A-0474C576E59B}.Debug|x64.Build.0 = Debug|x64
		{CFD1DE6E-3F2A-4846-BC6A-0474C576E59B}.Debug|x86.ActiveCfg = Debug|Win32
		{CFD1DE6E-3F2A-4846-BC6A-0474C576E59B}.Debug|x86.Build.0 = Debug|Win32
		{CFD1DE6E-3F2A-4846-BC6A-0474C576E59B}.Profile|ARM64.ActiveCfg = Debug|x64
		{CFD1DE6E-3F2A-4846-BC6A-0474C576E59B}.Profile|ARM64.Build.0 = Debug|x64
		{CFD1DE6E-3F2A-4846-BC6A-0474C576E59B}.Profile|x64.ActiveCfg = Debug|x64
		{CFD1DE6E-3F2A-4846-BC6A-0474C576E59B}.Profile|x64.Build.0 = Debug|x64
		{CFD1DE6E-3F2A-4846-BC6A-0474C576E59B}.Profile|x86.ActiveCfg = Debug|Win32
		{CFD1DE6E-3F2A-4846-BC6A-0474C576E59B}.Profile|x86.Build.0 = Debug|Win32
		{CFD1DE6E-3F2A-4846-BC6A-0474C576E59B}.Release|ARM64.ActiveCfg = Release|x64
		{CFD1DE6E-3F2A-4846-BC6A-0474C576E59B}.Release|ARM64.Build.0 = Release|x64
		{CFD1DE6E-3F2A-4846-BC6A-0474C576E59B}.Release|x64.ActiveCfg = Release|x64
		{CFD1DE6E-3F2A-4846-BC6A-0474C576E59B}.Release|x64.Build.0 = Release|x64
		{CFD1DE6E-3F2A-4846-BC6A-0474C576E59B}.Release|x86.ActiveCfg = Release|Win32
		{CFD1DE6E-3F2A-4846-BC6A-0474C576E59B}.Release|x86.Build.0 = Release|Win32
	EndGlobalSection
	GlobalSection(SolutionProperties) = preSolution
		HideSolutionNode = FALSE
	EndGlobalSection
	GlobalSection(ExtensibilityGlobals) = postSolution
		SolutionGuid = {DA226DCA-3C3E-458A-BA8E-9CA86CA775DB}
	EndGlobalSection
EndGlobal
